{
  "name": "@aplaline/git-deploy",
  "version": "1.0.0",
  "lockfileVersion": 1,
  "requires": true,
  "dependencies": {
    "commander": {
      "version": "3.0.2",
      "resolved": "https://registry.npmjs.org/commander/-/commander-3.0.2.tgz",
      "integrity": "sha512-Gar0ASD4BDyKC4hl4DwHqDrmvjoxWKZigVnAbn5H1owvm4CxCPdb0HQDehwNYMJpla5+M2tPmPARzhtYuwpHow=="
    },
    "pure-uuid": {
      "version": "1.5.7",
      "resolved": "https://registry.npmjs.org/pure-uuid/-/pure-uuid-1.5.7.tgz",
      "integrity": "sha512-g8kcLZcJi1ePpuNxrnI6a4re2ze89FPnV6dXaDuW4K9+n+SzvolhR2uoZhHJvz1Ilba0U8hvb1clxTLN49EvuQ=="
    }
  }
}
